{
  "version": 4,
  "terraform_version": "1.8.4",
  "serial": 34,
  "lineage": "98466625-5abf-0d2c-1037-7659bc0e0992",
  "outputs": {},
  "resources": [
    {
      "mode": "data",
      "type": "azurerm_resource_group",
      "name": "resource_group",
      "provider": "provider[\"registry.terraform.io/hashicorp/azurerm\"]",
      "instances": [
        {
          "schema_version": 0,
          "attributes": {
            "id": "/subscriptions/fc011c7b-8150-4065-af8b-1a8487bc3f73/resourceGroups/srs2024-stu-g2",
            "location": "westeurope",
            "managed_by": "",
            "name": "srs2024-stu-g2",
            "tags": {},
            "timeouts": null
          },
          "sensitive_attributes": []
        }
      ]
    },
    {
      "mode": "managed",
      "type": "azurerm_app_service_source_control",
      "name": "sourcecontrol",
      "provider": "provider[\"registry.terraform.io/hashicorp/azurerm\"]",
      "instances": [
        {
          "schema_version": 0,
          "attributes": {
            "app_id": "/subscriptions/fc011c7b-8150-4065-af8b-1a8487bc3f73/resourceGroups/srs2024-stu-g2/providers/Microsoft.Web/sites/NebulaRAT-webapp",
            "branch": "master",
            "github_action_configuration": [],
            "id": "/subscriptions/fc011c7b-8150-4065-af8b-1a8487bc3f73/resourceGroups/srs2024-stu-g2/providers/Microsoft.Web/sites/NebulaRAT-webapp",
            "repo_url": "https://github.com/Lombax99/NebulaSRS",
            "rollback_enabled": false,
            "scm_type": "ExternalGit",
            "timeouts": null,
            "use_local_git": false,
            "use_manual_integration": true,
            "use_mercurial": false,
            "uses_github_action": false
          },
          "sensitive_attributes": [],
          "private": "eyJlMmJmYjczMC1lY2FhLTExZTYtOGY4OC0zNDM2M2JjN2M0YzAiOnsiY3JlYXRlIjoxODAwMDAwMDAwMDAwLCJkZWxldGUiOjE4MDAwMDAwMDAwMDAsInJlYWQiOjMwMDAwMDAwMDAwMH19",
          "dependencies": [
            "azurerm_linux_web_app.webapp",
            "azurerm_service_plan.appserviceplan"
          ]
        }
      ]
    },
    {
      "mode": "managed",
      "type": "azurerm_linux_web_app",
      "name": "webapp",
      "provider": "provider[\"registry.terraform.io/hashicorp/azurerm\"]",
      "instances": [
        {
          "schema_version": 1,
          "attributes": {
            "app_settings": null,
            "auth_settings": [],
            "auth_settings_v2": [],
            "backup": [],
            "client_affinity_enabled": false,
            "client_certificate_enabled": false,
            "client_certificate_exclusion_paths": "",
            "client_certificate_mode": "Required",
            "connection_string": [],
            "custom_domain_verification_id": "138AE5FDB5FE15D726AAC48C492A58B070BED8FBFE00E62D0BBAADC353D5817F",
            "default_hostname": "nebularat-webapp.azurewebsites.net",
            "enabled": true,
            "ftp_publish_basic_authentication_enabled": true,
            "hosting_environment_id": "",
            "https_only": true,
            "id": "/subscriptions/fc011c7b-8150-4065-af8b-1a8487bc3f73/resourceGroups/srs2024-stu-g2/providers/Microsoft.Web/sites/NebulaRAT-webapp",
            "identity": [],
            "key_vault_reference_identity_id": "SystemAssigned",
            "kind": "app,linux",
            "location": "westeurope",
            "logs": [],
            "name": "NebulaRAT-webapp",
            "outbound_ip_address_list": [
              "20.31.230.78",
              "20.31.231.26",
              "20.229.249.101",
              "20.229.249.125",
              "20.229.249.153",
              "20.229.249.154",
              "20.105.216.13"
            ],
            "outbound_ip_addresses": "20.31.230.78,20.31.231.26,20.229.249.101,20.229.249.125,20.229.249.153,20.229.249.154,20.105.216.13",
            "possible_outbound_ip_address_list": [
              "20.31.230.78",
              "20.31.231.26",
              "20.229.249.101",
              "20.229.249.125",
              "20.229.249.153",
              "20.229.249.154",
              "20.229.249.199",
              "20.229.250.8",
              "20.31.228.28",
              "20.31.228.121",
              "20.31.231.7",
              "20.229.250.134",
              "20.31.226.78",
              "20.31.227.4",
              "20.31.227.36",
              "20.31.227.37",
              "20.31.227.103",
              "20.31.228.245",
              "20.31.229.26",
              "20.31.228.240",
              "20.31.229.111",
              "20.31.226.83",
              "20.31.229.94",
              "20.31.229.233",
              "20.105.216.13"
            ],
            "possible_outbound_ip_addresses": "20.31.230.78,20.31.231.26,20.229.249.101,20.229.249.125,20.229.249.153,20.229.249.154,20.229.249.199,20.229.250.8,20.31.228.28,20.31.228.121,20.31.231.7,20.229.250.134,20.31.226.78,20.31.227.4,20.31.227.36,20.31.227.37,20.31.227.103,20.31.228.245,20.31.229.26,20.31.228.240,20.31.229.111,20.31.226.83,20.31.229.94,20.31.229.233,20.105.216.13",
            "public_network_access_enabled": true,
            "resource_group_name": "srs2024-stu-g2",
            "service_plan_id": "/subscriptions/fc011c7b-8150-4065-af8b-1a8487bc3f73/resourceGroups/srs2024-stu-g2/providers/Microsoft.Web/serverFarms/NebulaRAT-webapp-asp",
            "site_config": [
              {
                "always_on": true,
                "api_definition_url": "",
                "api_management_api_id": "",
                "app_command_line": "",
                "application_stack": [
                  {
                    "docker_image": "",
                    "docker_image_name": "",
                    "docker_image_tag": "",
                    "docker_registry_password": "",
                    "docker_registry_url": "",
                    "docker_registry_username": "",
                    "dotnet_version": "",
                    "go_version": "",
                    "java_server": "",
                    "java_server_version": "",
                    "java_version": "",
                    "node_version": "",
                    "php_version": "",
                    "python_version": "3.12",
                    "ruby_version": ""
                  }
                ],
                "auto_heal_enabled": false,
                "auto_heal_setting": [],
                "container_registry_managed_identity_client_id": "",
                "container_registry_use_managed_identity": false,
                "cors": [],
                "default_documents": [
                  "Default.htm",
                  "Default.html",
                  "Default.asp",
                  "index.htm",
                  "index.html",
                  "iisstart.htm",
                  "default.aspx",
                  "index.php",
                  "hostingstart.html"
                ],
                "detailed_error_logging_enabled": false,
                "ftps_state": "Disabled",
                "health_check_eviction_time_in_min": 0,
                "health_check_path": "",
                "http2_enabled": false,
                "ip_restriction": [],
                "ip_restriction_default_action": "Allow",
                "linux_fx_version": "PYTHON|3.12",
                "load_balancing_mode": "LeastRequests",
                "local_mysql_enabled": false,
                "managed_pipeline_mode": "Integrated",
                "minimum_tls_version": "1.2",
                "remote_debugging_enabled": false,
                "remote_debugging_version": "VS2019",
                "scm_ip_restriction": [],
                "scm_ip_restriction_default_action": "Allow",
                "scm_minimum_tls_version": "1.2",
                "scm_type": "None",
                "scm_use_main_ip_restriction": false,
                "use_32_bit_worker": true,
                "vnet_route_all_enabled": false,
                "websockets_enabled": false,
                "worker_count": 1
              }
            ],
            "site_credential": [
              {
                "name": "$NebulaRAT-webapp",
                "password": "dr7ewtTHlaRyXba2XjGosQQLK1JZD0b197bnDJW6wcypQX864TBWDWo7abfu"
              }
            ],
            "sticky_settings": [],
            "storage_account": [],
            "tags": null,
            "timeouts": null,
            "virtual_network_subnet_id": "",
            "webdeploy_publish_basic_authentication_enabled": true,
            "zip_deploy_file": ""
          },
          "sensitive_attributes": [
            [
              {
                "type": "get_attr",
                "value": "custom_domain_verification_id"
              }
            ],
            [
              {
                "type": "get_attr",
                "value": "site_config"
              },
              {
                "type": "index",
                "value": {
                  "value": 0,
                  "type": "number"
                }
              },
              {
                "type": "get_attr",
                "value": "application_stack"
              },
              {
                "type": "index",
                "value": {
                  "value": 0,
                  "type": "number"
                }
              },
              {
                "type": "get_attr",
                "value": "docker_registry_password"
              }
            ],
            [
              {
                "type": "get_attr",
                "value": "site_credential"
              }
            ]
          ],
          "private": "eyJlMmJmYjczMC1lY2FhLTExZTYtOGY4OC0zNDM2M2JjN2M0YzAiOnsiY3JlYXRlIjoxODAwMDAwMDAwMDAwLCJkZWxldGUiOjE4MDAwMDAwMDAwMDAsInJlYWQiOjMwMDAwMDAwMDAwMCwidXBkYXRlIjoxODAwMDAwMDAwMDAwfSwic2NoZW1hX3ZlcnNpb24iOiIxIn0=",
          "dependencies": [
            "azurerm_service_plan.appserviceplan"
          ]
        }
      ]
    },
    {
      "mode": "managed",
      "type": "azurerm_network_security_group",
      "name": "postgresDB-sg",
      "provider": "provider[\"registry.terraform.io/hashicorp/azurerm\"]",
      "instances": [
        {
          "schema_version": 0,
          "attributes": {
            "id": "/subscriptions/fc011c7b-8150-4065-af8b-1a8487bc3f73/resourceGroups/srs2024-stu-g2/providers/Microsoft.Network/networkSecurityGroups/postgresDB-nsg",
            "location": "westeurope",
            "name": "postgresDB-nsg",
            "resource_group_name": "srs2024-stu-g2",
            "security_rule": [
              {
                "access": "Allow",
                "description": "",
                "destination_address_prefix": "*",
                "destination_address_prefixes": [],
                "destination_application_security_group_ids": [],
                "destination_port_range": "*",
                "destination_port_ranges": [],
                "direction": "Inbound",
                "name": "DB_Tcp_Allow",
                "priority": 100,
                "protocol": "Tcp",
                "source_address_prefix": "*",
                "source_address_prefixes": [],
                "source_application_security_group_ids": [],
                "source_port_range": "*",
                "source_port_ranges": []
              }
            ],
            "tags": null,
            "timeouts": null
          },
          "sensitive_attributes": [],
          "private": "eyJlMmJmYjczMC1lY2FhLTExZTYtOGY4OC0zNDM2M2JjN2M0YzAiOnsiY3JlYXRlIjoxODAwMDAwMDAwMDAwLCJkZWxldGUiOjE4MDAwMDAwMDAwMDAsInJlYWQiOjMwMDAwMDAwMDAwMCwidXBkYXRlIjoxODAwMDAwMDAwMDAwfX0="
        }
      ]
    },
    {
      "mode": "managed",
      "type": "azurerm_private_dns_zone",
      "name": "postgresDB-pdns",
      "provider": "provider[\"registry.terraform.io/hashicorp/azurerm\"]",
      "instances": [
        {
          "schema_version": 0,
          "attributes": {
            "id": "/subscriptions/fc011c7b-8150-4065-af8b-1a8487bc3f73/resourceGroups/srs2024-stu-g2/providers/Microsoft.Network/privateDnsZones/postgresDB.postgres.database.azure.com",
            "max_number_of_record_sets": 25000,
            "max_number_of_virtual_network_links": 1000,
            "max_number_of_virtual_network_links_with_registration": 100,
            "name": "postgresDB.postgres.database.azure.com",
            "number_of_record_sets": 1,
            "resource_group_name": "srs2024-stu-g2",
            "soa_record": [
              {
                "email": "azureprivatedns-host.microsoft.com",
                "expire_time": 2419200,
                "fqdn": "postgresdb.postgres.database.azure.com.",
                "host_name": "azureprivatedns.net",
                "minimum_ttl": 10,
                "refresh_time": 3600,
                "retry_time": 300,
                "serial_number": 1,
                "tags": {},
                "ttl": 3600
              }
            ],
            "tags": null,
            "timeouts": null
          },
          "sensitive_attributes": [],
          "private": "eyJlMmJmYjczMC1lY2FhLTExZTYtOGY4OC0zNDM2M2JjN2M0YzAiOnsiY3JlYXRlIjoxODAwMDAwMDAwMDAwLCJkZWxldGUiOjE4MDAwMDAwMDAwMDAsInJlYWQiOjMwMDAwMDAwMDAwMCwidXBkYXRlIjoxODAwMDAwMDAwMDAwfX0=",
          "dependencies": [
            "azurerm_network_security_group.postgresDB-sg",
            "azurerm_subnet.postgresDB-subnet",
            "azurerm_subnet_network_security_group_association.postgresDB-sga",
            "azurerm_virtual_network.vnet"
          ]
        }
      ]
    },
    {
      "mode": "managed",
      "type": "azurerm_private_dns_zone_virtual_network_link",
      "name": "postgresDB-pdns-pdzvnetlink",
      "provider": "provider[\"registry.terraform.io/hashicorp/azurerm\"]",
      "instances": [
        {
          "schema_version": 0,
          "attributes": {
            "id": "/subscriptions/fc011c7b-8150-4065-af8b-1a8487bc3f73/resourceGroups/srs2024-stu-g2/providers/Microsoft.Network/privateDnsZones/postgresDB.postgres.database.azure.com/virtualNetworkLinks/postgresDB-pdzvnetlink.com",
            "name": "postgresDB-pdzvnetlink.com",
            "private_dns_zone_name": "postgresDB.postgres.database.azure.com",
            "registration_enabled": false,
            "resource_group_name": "srs2024-stu-g2",
            "tags": null,
            "timeouts": null,
            "virtual_network_id": "/subscriptions/fc011c7b-8150-4065-af8b-1a8487bc3f73/resourceGroups/srs2024-stu-g2/providers/Microsoft.Network/virtualNetworks/nebulaVnet"
          },
          "sensitive_attributes": [],
          "private": "eyJlMmJmYjczMC1lY2FhLTExZTYtOGY4OC0zNDM2M2JjN2M0YzAiOnsiY3JlYXRlIjoxODAwMDAwMDAwMDAwLCJkZWxldGUiOjE4MDAwMDAwMDAwMDAsInJlYWQiOjMwMDAwMDAwMDAwMCwidXBkYXRlIjoxODAwMDAwMDAwMDAwfX0=",
          "dependencies": [
            "azurerm_network_security_group.postgresDB-sg",
            "azurerm_private_dns_zone.postgresDB-pdns",
            "azurerm_subnet.postgresDB-subnet",
            "azurerm_subnet_network_security_group_association.postgresDB-sga",
            "azurerm_virtual_network.vnet"
          ]
        }
      ]
    },
    {
      "mode": "managed",
      "type": "azurerm_service_plan",
      "name": "appserviceplan",
      "provider": "provider[\"registry.terraform.io/hashicorp/azurerm\"]",
      "instances": [
        {
          "schema_version": 1,
          "attributes": {
            "app_service_environment_id": "",
            "id": "/subscriptions/fc011c7b-8150-4065-af8b-1a8487bc3f73/resourceGroups/srs2024-stu-g2/providers/Microsoft.Web/serverFarms/NebulaRAT-webapp-asp",
            "kind": "linux",
            "location": "westeurope",
            "maximum_elastic_worker_count": 1,
            "name": "NebulaRAT-webapp-asp",
            "os_type": "Linux",
            "per_site_scaling_enabled": false,
            "reserved": true,
            "resource_group_name": "srs2024-stu-g2",
            "sku_name": "B1",
            "tags": null,
            "timeouts": null,
            "worker_count": 1,
            "zone_balancing_enabled": false
          },
          "sensitive_attributes": [],
          "private": "eyJlMmJmYjczMC1lY2FhLTExZTYtOGY4OC0zNDM2M2JjN2M0YzAiOnsiY3JlYXRlIjozNjAwMDAwMDAwMDAwLCJkZWxldGUiOjM2MDAwMDAwMDAwMDAsInJlYWQiOjMwMDAwMDAwMDAwMCwidXBkYXRlIjozNjAwMDAwMDAwMDAwfSwic2NoZW1hX3ZlcnNpb24iOiIxIn0="
        }
      ]
    },
    {
      "mode": "managed",
      "type": "azurerm_subnet",
      "name": "postgresDB-subnet",
      "provider": "provider[\"registry.terraform.io/hashicorp/azurerm\"]",
      "instances": [
        {
          "schema_version": 0,
          "attributes": {
            "address_prefixes": [
              "10.0.1.0/24"
            ],
            "delegation": [
              {
                "name": "fs",
                "service_delegation": [
                  {
                    "actions": [
                      "Microsoft.Network/virtualNetworks/subnets/join/action"
                    ],
                    "name": "Microsoft.DBforPostgreSQL/flexibleServers"
                  }
                ]
              }
            ],
            "enforce_private_link_endpoint_network_policies": false,
            "enforce_private_link_service_network_policies": false,
            "id": "/subscriptions/fc011c7b-8150-4065-af8b-1a8487bc3f73/resourceGroups/srs2024-stu-g2/providers/Microsoft.Network/virtualNetworks/nebulaVnet/subnets/postgresDB-subnet",
            "name": "postgresDB-subnet",
            "private_endpoint_network_policies": "Enabled",
            "private_endpoint_network_policies_enabled": true,
            "private_link_service_network_policies_enabled": true,
            "resource_group_name": "srs2024-stu-g2",
            "service_endpoint_policy_ids": null,
            "service_endpoints": [
              "Microsoft.Storage"
            ],
            "timeouts": null,
            "virtual_network_name": "nebulaVnet"
          },
          "sensitive_attributes": [],
          "private": "eyJlMmJmYjczMC1lY2FhLTExZTYtOGY4OC0zNDM2M2JjN2M0YzAiOnsiY3JlYXRlIjoxODAwMDAwMDAwMDAwLCJkZWxldGUiOjE4MDAwMDAwMDAwMDAsInJlYWQiOjMwMDAwMDAwMDAwMCwidXBkYXRlIjoxODAwMDAwMDAwMDAwfX0=",
          "dependencies": [
            "azurerm_virtual_network.vnet"
          ]
        }
      ]
    },
    {
      "mode": "managed",
      "type": "azurerm_subnet_network_security_group_association",
      "name": "postgresDB-sga",
      "provider": "provider[\"registry.terraform.io/hashicorp/azurerm\"]",
      "instances": [
        {
          "schema_version": 0,
          "attributes": {
            "id": "/subscriptions/fc011c7b-8150-4065-af8b-1a8487bc3f73/resourceGroups/srs2024-stu-g2/providers/Microsoft.Network/virtualNetworks/nebulaVnet/subnets/postgresDB-subnet",
            "network_security_group_id": "/subscriptions/fc011c7b-8150-4065-af8b-1a8487bc3f73/resourceGroups/srs2024-stu-g2/providers/Microsoft.Network/networkSecurityGroups/postgresDB-nsg",
            "subnet_id": "/subscriptions/fc011c7b-8150-4065-af8b-1a8487bc3f73/resourceGroups/srs2024-stu-g2/providers/Microsoft.Network/virtualNetworks/nebulaVnet/subnets/postgresDB-subnet",
            "timeouts": null
          },
          "sensitive_attributes": [],
          "private": "eyJlMmJmYjczMC1lY2FhLTExZTYtOGY4OC0zNDM2M2JjN2M0YzAiOnsiY3JlYXRlIjoxODAwMDAwMDAwMDAwLCJkZWxldGUiOjE4MDAwMDAwMDAwMDAsInJlYWQiOjMwMDAwMDAwMDAwMH19",
          "dependencies": [
            "azurerm_network_security_group.postgresDB-sg",
            "azurerm_subnet.postgresDB-subnet",
            "azurerm_virtual_network.vnet"
          ]
        }
      ]
    },
    {
      "mode": "managed",
      "type": "azurerm_virtual_network",
      "name": "vnet",
      "provider": "provider[\"registry.terraform.io/hashicorp/azurerm\"]",
      "instances": [
        {
          "schema_version": 0,
          "attributes": {
            "address_space": [
              "10.0.0.0/16"
            ],
            "bgp_community": "",
            "ddos_protection_plan": [],
            "dns_servers": [],
            "edge_zone": "",
            "encryption": [],
            "flow_timeout_in_minutes": 0,
            "guid": "5c3b1a9c-03e9-42b5-9af4-a5165f26f4fb",
            "id": "/subscriptions/fc011c7b-8150-4065-af8b-1a8487bc3f73/resourceGroups/srs2024-stu-g2/providers/Microsoft.Network/virtualNetworks/nebulaVnet",
            "location": "westeurope",
            "name": "nebulaVnet",
            "resource_group_name": "srs2024-stu-g2",
            "subnet": [],
            "tags": null,
            "timeouts": null
          },
          "sensitive_attributes": [],
          "private": "eyJlMmJmYjczMC1lY2FhLTExZTYtOGY4OC0zNDM2M2JjN2M0YzAiOnsiY3JlYXRlIjoxODAwMDAwMDAwMDAwLCJkZWxldGUiOjE4MDAwMDAwMDAwMDAsInJlYWQiOjMwMDAwMDAwMDAwMCwidXBkYXRlIjoxODAwMDAwMDAwMDAwfX0="
        }
      ]
    }
  ],
  "check_results": null
}
