{
  "version": 4,
  "terraform_version": "1.8.5",
  "serial": 85,
  "lineage": "98466625-5abf-0d2c-1037-7659bc0e0992",
  "outputs": {},
  "resources": [
    {
      "mode": "data",
      "type": "azurerm_resource_group",
      "name": "resource_group",
      "provider": "provider[\"registry.terraform.io/hashicorp/azurerm\"]",
      "instances": [
        {
          "schema_version": 0,
          "attributes": {
            "id": "/subscriptions/fc011c7b-8150-4065-af8b-1a8487bc3f73/resourceGroups/srs2024-stu-g2",
            "location": "westeurope",
            "managed_by": "",
            "name": "srs2024-stu-g2",
            "tags": {},
            "timeouts": null
          },
          "sensitive_attributes": []
        }
      ]
    },
    {
      "mode": "managed",
      "type": "azurerm_app_service_source_control",
      "name": "sourcecontrol",
      "provider": "provider[\"registry.terraform.io/hashicorp/azurerm\"]",
      "instances": [
        {
          "schema_version": 0,
          "attributes": {
            "app_id": "/subscriptions/fc011c7b-8150-4065-af8b-1a8487bc3f73/resourceGroups/srs2024-stu-g2/providers/Microsoft.Web/sites/NebulaRAT-webapp",
            "branch": "master",
            "github_action_configuration": [],
            "id": "/subscriptions/fc011c7b-8150-4065-af8b-1a8487bc3f73/resourceGroups/srs2024-stu-g2/providers/Microsoft.Web/sites/NebulaRAT-webapp",
            "repo_url": "https://github.com/Lombax99/NebulaSRS",
            "rollback_enabled": false,
            "scm_type": "ExternalGit",
            "timeouts": null,
            "use_local_git": false,
            "use_manual_integration": true,
            "use_mercurial": false,
            "uses_github_action": false
          },
          "sensitive_attributes": [],
          "private": "eyJlMmJmYjczMC1lY2FhLTExZTYtOGY4OC0zNDM2M2JjN2M0YzAiOnsiY3JlYXRlIjoxODAwMDAwMDAwMDAwLCJkZWxldGUiOjE4MDAwMDAwMDAwMDAsInJlYWQiOjMwMDAwMDAwMDAwMH19",
          "dependencies": [
            "azurerm_linux_web_app.webapp",
            "azurerm_service_plan.appserviceplan"
          ]
        }
      ]
    },
    {
      "mode": "managed",
      "type": "azurerm_linux_web_app",
      "name": "webapp",
      "provider": "provider[\"registry.terraform.io/hashicorp/azurerm\"]",
      "instances": [
        {
          "schema_version": 1,
          "attributes": {
            "app_settings": {},
            "auth_settings": [],
            "auth_settings_v2": [],
            "backup": [],
            "client_affinity_enabled": false,
            "client_certificate_enabled": false,
            "client_certificate_exclusion_paths": "",
            "client_certificate_mode": "Required",
            "connection_string": [],
            "custom_domain_verification_id": "138AE5FDB5FE15D726AAC48C492A58B070BED8FBFE00E62D0BBAADC353D5817F",
            "default_hostname": "nebularat-webapp.azurewebsites.net",
            "enabled": true,
            "ftp_publish_basic_authentication_enabled": true,
            "hosting_environment_id": "",
            "https_only": true,
            "id": "/subscriptions/fc011c7b-8150-4065-af8b-1a8487bc3f73/resourceGroups/srs2024-stu-g2/providers/Microsoft.Web/sites/NebulaRAT-webapp",
            "identity": [],
            "key_vault_reference_identity_id": "SystemAssigned",
            "kind": "app,linux",
            "location": "westeurope",
            "logs": [],
            "name": "NebulaRAT-webapp",
            "outbound_ip_address_list": [
              "20.31.95.211",
              "20.238.136.106",
              "20.238.136.237",
              "20.8.50.219",
              "20.8.51.116",
              "20.8.52.70",
              "20.76.185.156",
              "20.76.187.228",
              "20.93.208.207",
              "20.93.210.67",
              "20.93.211.114",
              "20.93.211.249",
              "20.105.216.39"
            ],
            "outbound_ip_addresses": "20.31.95.211,20.238.136.106,20.238.136.237,20.8.50.219,20.8.51.116,20.8.52.70,20.76.185.156,20.76.187.228,20.93.208.207,20.93.210.67,20.93.211.114,20.93.211.249,20.105.216.39",
            "possible_outbound_ip_address_list": [
              "20.31.95.211",
              "20.238.136.106",
              "20.238.136.237",
              "20.8.50.219",
              "20.8.51.116",
              "20.8.52.70",
              "20.76.185.156",
              "20.76.187.228",
              "20.93.208.207",
              "20.93.210.67",
              "20.93.211.114",
              "20.93.211.249",
              "20.103.161.67",
              "20.103.162.190",
              "20.103.163.117",
              "20.103.165.22",
              "20.103.166.176",
              "20.126.168.96",
              "20.126.170.52",
              "20.126.171.1",
              "20.126.171.9",
              "20.126.173.78",
              "20.31.88.101",
              "20.31.92.162",
              "20.31.95.211",
              "20.238.136.106",
              "20.238.136.237",
              "20.8.50.219",
              "20.8.51.116",
              "20.8.52.70",
              "20.8.54.18",
              "4.175.160.191",
              "4.175.161.56",
              "4.175.161.185",
              "4.175.161.204",
              "4.175.161.220",
              "20.105.216.39"
            ],
            "possible_outbound_ip_addresses": "20.31.95.211,20.238.136.106,20.238.136.237,20.8.50.219,20.8.51.116,20.8.52.70,20.76.185.156,20.76.187.228,20.93.208.207,20.93.210.67,20.93.211.114,20.93.211.249,20.103.161.67,20.103.162.190,20.103.163.117,20.103.165.22,20.103.166.176,20.126.168.96,20.126.170.52,20.126.171.1,20.126.171.9,20.126.173.78,20.31.88.101,20.31.92.162,20.31.95.211,20.238.136.106,20.238.136.237,20.8.50.219,20.8.51.116,20.8.52.70,20.8.54.18,4.175.160.191,4.175.161.56,4.175.161.185,4.175.161.204,4.175.161.220,20.105.216.39",
            "public_network_access_enabled": true,
            "resource_group_name": "srs2024-stu-g2",
            "service_plan_id": "/subscriptions/fc011c7b-8150-4065-af8b-1a8487bc3f73/resourceGroups/srs2024-stu-g2/providers/Microsoft.Web/serverFarms/NebulaRAT-webapp-asp",
            "site_config": [
              {
                "always_on": true,
                "api_definition_url": "",
                "api_management_api_id": "",
                "app_command_line": "",
                "application_stack": [
                  {
                    "docker_image": "",
                    "docker_image_name": "",
                    "docker_image_tag": "",
                    "docker_registry_password": "",
                    "docker_registry_url": "",
                    "docker_registry_username": "",
                    "dotnet_version": "",
                    "go_version": "",
                    "java_server": "",
                    "java_server_version": "",
                    "java_version": "",
                    "node_version": "",
                    "php_version": "",
                    "python_version": "3.10",
                    "ruby_version": ""
                  }
                ],
                "auto_heal_enabled": false,
                "auto_heal_setting": [],
                "container_registry_managed_identity_client_id": "",
                "container_registry_use_managed_identity": false,
                "cors": [],
                "default_documents": [
                  "Default.htm",
                  "Default.html",
                  "Default.asp",
                  "index.htm",
                  "index.html",
                  "iisstart.htm",
                  "default.aspx",
                  "index.php",
                  "hostingstart.html"
                ],
                "detailed_error_logging_enabled": false,
                "ftps_state": "Disabled",
                "health_check_eviction_time_in_min": 0,
                "health_check_path": "",
                "http2_enabled": false,
                "ip_restriction": [],
                "ip_restriction_default_action": "Allow",
                "linux_fx_version": "PYTHON|3.10",
                "load_balancing_mode": "LeastRequests",
                "local_mysql_enabled": false,
                "managed_pipeline_mode": "Integrated",
                "minimum_tls_version": "1.2",
                "remote_debugging_enabled": false,
                "remote_debugging_version": "VS2019",
                "scm_ip_restriction": [],
                "scm_ip_restriction_default_action": "Allow",
                "scm_minimum_tls_version": "1.2",
                "scm_type": "ExternalGit",
                "scm_use_main_ip_restriction": false,
                "use_32_bit_worker": true,
                "vnet_route_all_enabled": false,
                "websockets_enabled": false,
                "worker_count": 1
              }
            ],
            "site_credential": [
              {
                "name": "$NebulaRAT-webapp",
                "password": "NMXZDv8Ww9nzLAXX4lYH1qE7EgXxd08iqYjX3F9LlcjM3BtlHNuDigjriiQX"
              }
            ],
            "sticky_settings": [],
            "storage_account": [],
            "tags": {},
            "timeouts": null,
            "virtual_network_subnet_id": "",
            "webdeploy_publish_basic_authentication_enabled": true,
            "zip_deploy_file": ""
          },
          "sensitive_attributes": [
            [
              {
                "type": "get_attr",
                "value": "site_credential"
              }
            ],
            [
              {
                "type": "get_attr",
                "value": "site_config"
              },
              {
                "type": "index",
                "value": {
                  "value": 0,
                  "type": "number"
                }
              },
              {
                "type": "get_attr",
                "value": "application_stack"
              },
              {
                "type": "index",
                "value": {
                  "value": 0,
                  "type": "number"
                }
              },
              {
                "type": "get_attr",
                "value": "docker_registry_password"
              }
            ],
            [
              {
                "type": "get_attr",
                "value": "custom_domain_verification_id"
              }
            ]
          ],
          "private": "eyJlMmJmYjczMC1lY2FhLTExZTYtOGY4OC0zNDM2M2JjN2M0YzAiOnsiY3JlYXRlIjoxODAwMDAwMDAwMDAwLCJkZWxldGUiOjE4MDAwMDAwMDAwMDAsInJlYWQiOjMwMDAwMDAwMDAwMCwidXBkYXRlIjoxODAwMDAwMDAwMDAwfSwic2NoZW1hX3ZlcnNpb24iOiIxIn0=",
          "dependencies": [
            "azurerm_service_plan.appserviceplan"
          ]
        }
      ]
    },
    {
      "mode": "managed",
      "type": "azurerm_network_security_group",
      "name": "postgresDB-sg",
      "provider": "provider[\"registry.terraform.io/hashicorp/azurerm\"]",
      "instances": [
        {
          "schema_version": 0,
          "attributes": {
            "id": "/subscriptions/fc011c7b-8150-4065-af8b-1a8487bc3f73/resourceGroups/srs2024-stu-g2/providers/Microsoft.Network/networkSecurityGroups/postgresDB-nsg",
            "location": "westeurope",
            "name": "postgresDB-nsg",
            "resource_group_name": "srs2024-stu-g2",
            "security_rule": [
              {
                "access": "Allow",
                "description": "",
                "destination_address_prefix": "*",
                "destination_address_prefixes": [],
                "destination_application_security_group_ids": [],
                "destination_port_range": "*",
                "destination_port_ranges": [],
                "direction": "Inbound",
                "name": "DB_Tcp_Allow",
                "priority": 100,
                "protocol": "Tcp",
                "source_address_prefix": "*",
                "source_address_prefixes": [],
                "source_application_security_group_ids": [],
                "source_port_range": "*",
                "source_port_ranges": []
              }
            ],
            "tags": {},
            "timeouts": null
          },
          "sensitive_attributes": [],
          "private": "eyJlMmJmYjczMC1lY2FhLTExZTYtOGY4OC0zNDM2M2JjN2M0YzAiOnsiY3JlYXRlIjoxODAwMDAwMDAwMDAwLCJkZWxldGUiOjE4MDAwMDAwMDAwMDAsInJlYWQiOjMwMDAwMDAwMDAwMCwidXBkYXRlIjoxODAwMDAwMDAwMDAwfX0="
        }
      ]
    },
    {
      "mode": "managed",
      "type": "azurerm_postgresql_flexible_server",
      "name": "postgresDB-FlexServer",
      "provider": "provider[\"registry.terraform.io/hashicorp/azurerm\"]",
      "instances": [
        {
          "schema_version": 0,
          "attributes": {
            "administrator_login": "sudo",
            "administrator_password": "sudo",
            "authentication": [
              {
                "active_directory_auth_enabled": false,
                "password_auth_enabled": true,
                "tenant_id": ""
              }
            ],
            "auto_grow_enabled": false,
            "backup_retention_days": 7,
            "create_mode": null,
            "customer_managed_key": [],
            "delegated_subnet_id": "",
            "fqdn": "nebularat-postgresdb-server.postgres.database.azure.com",
            "geo_redundant_backup_enabled": false,
            "high_availability": [],
            "id": "/subscriptions/fc011c7b-8150-4065-af8b-1a8487bc3f73/resourceGroups/srs2024-stu-g2/providers/Microsoft.DBforPostgreSQL/flexibleServers/nebularat-postgresdb-server",
            "identity": [],
            "location": "westeurope",
            "maintenance_window": [],
            "name": "nebularat-postgresdb-server",
            "point_in_time_restore_time_in_utc": null,
            "private_dns_zone_id": "",
            "public_network_access_enabled": true,
            "replication_role": "",
            "resource_group_name": "srs2024-stu-g2",
            "sku_name": "B_Standard_B1ms",
            "source_server_id": null,
            "storage_mb": 32768,
            "storage_tier": "P4",
            "tags": {},
            "timeouts": null,
            "version": "13",
            "zone": "1"
          },
          "sensitive_attributes": [
            [
              {
                "type": "get_attr",
                "value": "administrator_password"
              }
            ]
          ],
          "private": "eyJlMmJmYjczMC1lY2FhLTExZTYtOGY4OC0zNDM2M2JjN2M0YzAiOnsiY3JlYXRlIjozNjAwMDAwMDAwMDAwLCJkZWxldGUiOjM2MDAwMDAwMDAwMDAsInJlYWQiOjMwMDAwMDAwMDAwMCwidXBkYXRlIjozNjAwMDAwMDAwMDAwfX0="
        }
      ]
    },
    {
      "mode": "managed",
      "type": "azurerm_postgresql_flexible_server_database",
      "name": "postgresDB-server-database",
      "provider": "provider[\"registry.terraform.io/hashicorp/azurerm\"]",
      "instances": [
        {
          "schema_version": 0,
          "attributes": {
            "charset": "UTF8",
            "collation": "en_US.utf8",
            "id": "/subscriptions/fc011c7b-8150-4065-af8b-1a8487bc3f73/resourceGroups/srs2024-stu-g2/providers/Microsoft.DBforPostgreSQL/flexibleServers/nebularat-postgresdb-server/databases/nebularat-postgresServer-db",
            "name": "nebularat-postgresServer-db",
            "server_id": "/subscriptions/fc011c7b-8150-4065-af8b-1a8487bc3f73/resourceGroups/srs2024-stu-g2/providers/Microsoft.DBforPostgreSQL/flexibleServers/nebularat-postgresdb-server",
            "timeouts": null
          },
          "sensitive_attributes": [],
          "private": "eyJlMmJmYjczMC1lY2FhLTExZTYtOGY4OC0zNDM2M2JjN2M0YzAiOnsiY3JlYXRlIjoxODAwMDAwMDAwMDAwLCJkZWxldGUiOjE4MDAwMDAwMDAwMDAsInJlYWQiOjMwMDAwMDAwMDAwMH19",
          "dependencies": [
            "azurerm_postgresql_flexible_server.postgresDB-FlexServer"
          ]
        }
      ]
    },
    {
      "mode": "managed",
      "type": "azurerm_postgresql_flexible_server_firewall_rule",
      "name": "postgresDB-FlexServer-firewall-rules",
      "provider": "provider[\"registry.terraform.io/hashicorp/azurerm\"]",
      "instances": [
        {
          "schema_version": 0,
          "attributes": {
            "end_ip_address": "255.255.255.255",
            "id": "/subscriptions/fc011c7b-8150-4065-af8b-1a8487bc3f73/resourceGroups/srs2024-stu-g2/providers/Microsoft.DBforPostgreSQL/flexibleServers/nebularat-postgresdb-server/firewallRules/postgresDB-FlexServer-fw",
            "name": "postgresDB-FlexServer-fw",
            "server_id": "/subscriptions/fc011c7b-8150-4065-af8b-1a8487bc3f73/resourceGroups/srs2024-stu-g2/providers/Microsoft.DBforPostgreSQL/flexibleServers/nebularat-postgresdb-server",
            "start_ip_address": "0.0.0.0",
            "timeouts": null
          },
          "sensitive_attributes": [],
          "private": "eyJlMmJmYjczMC1lY2FhLTExZTYtOGY4OC0zNDM2M2JjN2M0YzAiOnsiY3JlYXRlIjoxODAwMDAwMDAwMDAwLCJkZWxldGUiOjE4MDAwMDAwMDAwMDAsInJlYWQiOjMwMDAwMDAwMDAwMCwidXBkYXRlIjoxODAwMDAwMDAwMDAwfX0=",
          "dependencies": [
            "azurerm_postgresql_flexible_server.postgresDB-FlexServer"
          ]
        }
      ]
    },
    {
      "mode": "managed",
      "type": "azurerm_private_dns_zone",
      "name": "postgresDB-pdns",
      "provider": "provider[\"registry.terraform.io/hashicorp/azurerm\"]",
      "instances": [
        {
          "schema_version": 0,
          "attributes": {
            "id": "/subscriptions/fc011c7b-8150-4065-af8b-1a8487bc3f73/resourceGroups/srs2024-stu-g2/providers/Microsoft.Network/privateDnsZones/postgresDB.postgres.database.azure.com",
            "max_number_of_record_sets": 25000,
            "max_number_of_virtual_network_links": 1000,
            "max_number_of_virtual_network_links_with_registration": 100,
            "name": "postgresDB.postgres.database.azure.com",
            "number_of_record_sets": 1,
            "resource_group_name": "srs2024-stu-g2",
            "soa_record": [
              {
                "email": "azureprivatedns-host.microsoft.com",
                "expire_time": 2419200,
                "fqdn": "postgresdb.postgres.database.azure.com.",
                "host_name": "azureprivatedns.net",
                "minimum_ttl": 10,
                "refresh_time": 3600,
                "retry_time": 300,
                "serial_number": 1,
                "tags": {},
                "ttl": 3600
              }
            ],
            "tags": {},
            "timeouts": null
          },
          "sensitive_attributes": [],
          "private": "eyJlMmJmYjczMC1lY2FhLTExZTYtOGY4OC0zNDM2M2JjN2M0YzAiOnsiY3JlYXRlIjoxODAwMDAwMDAwMDAwLCJkZWxldGUiOjE4MDAwMDAwMDAwMDAsInJlYWQiOjMwMDAwMDAwMDAwMCwidXBkYXRlIjoxODAwMDAwMDAwMDAwfX0=",
          "dependencies": [
            "azurerm_network_security_group.postgresDB-sg",
            "azurerm_subnet.postgresDB-subnet",
            "azurerm_subnet_network_security_group_association.postgresDB-sga",
            "azurerm_virtual_network.vnet"
          ]
        }
      ]
    },
    {
      "mode": "managed",
      "type": "azurerm_private_dns_zone_virtual_network_link",
      "name": "postgresDB-pdns-pdzvnetlink",
      "provider": "provider[\"registry.terraform.io/hashicorp/azurerm\"]",
      "instances": [
        {
          "schema_version": 0,
          "attributes": {
            "id": "/subscriptions/fc011c7b-8150-4065-af8b-1a8487bc3f73/resourceGroups/srs2024-stu-g2/providers/Microsoft.Network/privateDnsZones/postgresDB.postgres.database.azure.com/virtualNetworkLinks/postgresDB-pdzvnetlink.com",
            "name": "postgresDB-pdzvnetlink.com",
            "private_dns_zone_name": "postgresDB.postgres.database.azure.com",
            "registration_enabled": false,
            "resource_group_name": "srs2024-stu-g2",
            "tags": {},
            "timeouts": null,
            "virtual_network_id": "/subscriptions/fc011c7b-8150-4065-af8b-1a8487bc3f73/resourceGroups/srs2024-stu-g2/providers/Microsoft.Network/virtualNetworks/nebulaVnet"
          },
          "sensitive_attributes": [],
          "private": "eyJlMmJmYjczMC1lY2FhLTExZTYtOGY4OC0zNDM2M2JjN2M0YzAiOnsiY3JlYXRlIjoxODAwMDAwMDAwMDAwLCJkZWxldGUiOjE4MDAwMDAwMDAwMDAsInJlYWQiOjMwMDAwMDAwMDAwMCwidXBkYXRlIjoxODAwMDAwMDAwMDAwfX0=",
          "dependencies": [
            "azurerm_network_security_group.postgresDB-sg",
            "azurerm_private_dns_zone.postgresDB-pdns",
            "azurerm_subnet.postgresDB-subnet",
            "azurerm_subnet_network_security_group_association.postgresDB-sga",
            "azurerm_virtual_network.vnet"
          ]
        }
      ]
    },
    {
      "mode": "managed",
      "type": "azurerm_service_plan",
      "name": "appserviceplan",
      "provider": "provider[\"registry.terraform.io/hashicorp/azurerm\"]",
      "instances": [
        {
          "schema_version": 1,
          "attributes": {
            "app_service_environment_id": "",
            "id": "/subscriptions/fc011c7b-8150-4065-af8b-1a8487bc3f73/resourceGroups/srs2024-stu-g2/providers/Microsoft.Web/serverFarms/NebulaRAT-webapp-asp",
            "kind": "linux",
            "location": "westeurope",
            "maximum_elastic_worker_count": 1,
            "name": "NebulaRAT-webapp-asp",
            "os_type": "Linux",
            "per_site_scaling_enabled": false,
            "reserved": true,
            "resource_group_name": "srs2024-stu-g2",
            "sku_name": "B1",
            "tags": {},
            "timeouts": null,
            "worker_count": 1,
            "zone_balancing_enabled": false
          },
          "sensitive_attributes": [],
          "private": "eyJlMmJmYjczMC1lY2FhLTExZTYtOGY4OC0zNDM2M2JjN2M0YzAiOnsiY3JlYXRlIjozNjAwMDAwMDAwMDAwLCJkZWxldGUiOjM2MDAwMDAwMDAwMDAsInJlYWQiOjMwMDAwMDAwMDAwMCwidXBkYXRlIjozNjAwMDAwMDAwMDAwfSwic2NoZW1hX3ZlcnNpb24iOiIxIn0="
        }
      ]
    },
    {
      "mode": "managed",
      "type": "azurerm_subnet",
      "name": "postgresDB-subnet",
      "provider": "provider[\"registry.terraform.io/hashicorp/azurerm\"]",
      "instances": [
        {
          "schema_version": 0,
          "attributes": {
            "address_prefixes": [
              "10.0.1.0/24"
            ],
            "delegation": [
              {
                "name": "fs",
                "service_delegation": [
                  {
                    "actions": [
                      "Microsoft.Network/virtualNetworks/subnets/join/action"
                    ],
                    "name": "Microsoft.DBforPostgreSQL/flexibleServers"
                  }
                ]
              }
            ],
            "enforce_private_link_endpoint_network_policies": false,
            "enforce_private_link_service_network_policies": false,
            "id": "/subscriptions/fc011c7b-8150-4065-af8b-1a8487bc3f73/resourceGroups/srs2024-stu-g2/providers/Microsoft.Network/virtualNetworks/nebulaVnet/subnets/postgresDB-subnet",
            "name": "postgresDB-subnet",
            "private_endpoint_network_policies": "Enabled",
            "private_endpoint_network_policies_enabled": true,
            "private_link_service_network_policies_enabled": true,
            "resource_group_name": "srs2024-stu-g2",
            "service_endpoint_policy_ids": [],
            "service_endpoints": [
              "Microsoft.Storage"
            ],
            "timeouts": null,
            "virtual_network_name": "nebulaVnet"
          },
          "sensitive_attributes": [],
          "private": "eyJlMmJmYjczMC1lY2FhLTExZTYtOGY4OC0zNDM2M2JjN2M0YzAiOnsiY3JlYXRlIjoxODAwMDAwMDAwMDAwLCJkZWxldGUiOjE4MDAwMDAwMDAwMDAsInJlYWQiOjMwMDAwMDAwMDAwMCwidXBkYXRlIjoxODAwMDAwMDAwMDAwfX0=",
          "dependencies": [
            "azurerm_virtual_network.vnet"
          ]
        }
      ]
    },
    {
      "mode": "managed",
      "type": "azurerm_subnet_network_security_group_association",
      "name": "postgresDB-sga",
      "provider": "provider[\"registry.terraform.io/hashicorp/azurerm\"]",
      "instances": [
        {
          "schema_version": 0,
          "attributes": {
            "id": "/subscriptions/fc011c7b-8150-4065-af8b-1a8487bc3f73/resourceGroups/srs2024-stu-g2/providers/Microsoft.Network/virtualNetworks/nebulaVnet/subnets/postgresDB-subnet",
            "network_security_group_id": "/subscriptions/fc011c7b-8150-4065-af8b-1a8487bc3f73/resourceGroups/srs2024-stu-g2/providers/Microsoft.Network/networkSecurityGroups/postgresDB-nsg",
            "subnet_id": "/subscriptions/fc011c7b-8150-4065-af8b-1a8487bc3f73/resourceGroups/srs2024-stu-g2/providers/Microsoft.Network/virtualNetworks/nebulaVnet/subnets/postgresDB-subnet",
            "timeouts": null
          },
          "sensitive_attributes": [],
          "private": "eyJlMmJmYjczMC1lY2FhLTExZTYtOGY4OC0zNDM2M2JjN2M0YzAiOnsiY3JlYXRlIjoxODAwMDAwMDAwMDAwLCJkZWxldGUiOjE4MDAwMDAwMDAwMDAsInJlYWQiOjMwMDAwMDAwMDAwMH19",
          "dependencies": [
            "azurerm_network_security_group.postgresDB-sg",
            "azurerm_subnet.postgresDB-subnet",
            "azurerm_virtual_network.vnet"
          ]
        }
      ]
    },
    {
      "mode": "managed",
      "type": "azurerm_virtual_network",
      "name": "vnet",
      "provider": "provider[\"registry.terraform.io/hashicorp/azurerm\"]",
      "instances": [
        {
          "schema_version": 0,
          "attributes": {
            "address_space": [
              "10.0.0.0/16"
            ],
            "bgp_community": "",
            "ddos_protection_plan": [],
            "dns_servers": [],
            "edge_zone": "",
            "encryption": [],
            "flow_timeout_in_minutes": 0,
            "guid": "dde3b75a-993a-4cb7-a1b8-121d6608091a",
            "id": "/subscriptions/fc011c7b-8150-4065-af8b-1a8487bc3f73/resourceGroups/srs2024-stu-g2/providers/Microsoft.Network/virtualNetworks/nebulaVnet",
            "location": "westeurope",
            "name": "nebulaVnet",
            "resource_group_name": "srs2024-stu-g2",
            "subnet": [
              {
                "address_prefix": "10.0.1.0/24",
                "id": "/subscriptions/fc011c7b-8150-4065-af8b-1a8487bc3f73/resourceGroups/srs2024-stu-g2/providers/Microsoft.Network/virtualNetworks/nebulaVnet/subnets/postgresDB-subnet",
                "name": "postgresDB-subnet",
                "security_group": "/subscriptions/fc011c7b-8150-4065-af8b-1a8487bc3f73/resourceGroups/srs2024-stu-g2/providers/Microsoft.Network/networkSecurityGroups/postgresDB-nsg"
              }
            ],
            "tags": {},
            "timeouts": null
          },
          "sensitive_attributes": [],
          "private": "eyJlMmJmYjczMC1lY2FhLTExZTYtOGY4OC0zNDM2M2JjN2M0YzAiOnsiY3JlYXRlIjoxODAwMDAwMDAwMDAwLCJkZWxldGUiOjE4MDAwMDAwMDAwMDAsInJlYWQiOjMwMDAwMDAwMDAwMCwidXBkYXRlIjoxODAwMDAwMDAwMDAwfX0="
        }
      ]
    }
  ],
  "check_results": null
}
