{
  "version": 4,
  "terraform_version": "1.8.5",
  "serial": 109,
  "lineage": "98466625-5abf-0d2c-1037-7659bc0e0992",
  "outputs": {},
  "resources": [
    {
      "mode": "data",
      "type": "azurerm_resource_group",
      "name": "resource_group",
      "provider": "provider[\"registry.terraform.io/hashicorp/azurerm\"]",
      "instances": [
        {
          "schema_version": 0,
          "attributes": {
            "id": "/subscriptions/fc011c7b-8150-4065-af8b-1a8487bc3f73/resourceGroups/srs2024-stu-g2",
            "location": "westeurope",
            "managed_by": "",
            "name": "srs2024-stu-g2",
            "tags": {},
            "timeouts": null
          },
          "sensitive_attributes": []
        }
      ]
    },
    {
      "mode": "managed",
      "type": "azurerm_network_security_group",
      "name": "postgresDB-sg",
      "provider": "provider[\"registry.terraform.io/hashicorp/azurerm\"]",
      "instances": [
        {
          "schema_version": 0,
          "attributes": {
            "id": "/subscriptions/fc011c7b-8150-4065-af8b-1a8487bc3f73/resourceGroups/srs2024-stu-g2/providers/Microsoft.Network/networkSecurityGroups/postgresDB-nsg",
            "location": "westeurope",
            "name": "postgresDB-nsg",
            "resource_group_name": "srs2024-stu-g2",
            "security_rule": [
              {
                "access": "Allow",
                "description": "",
                "destination_address_prefix": "*",
                "destination_address_prefixes": [],
                "destination_application_security_group_ids": [],
                "destination_port_range": "*",
                "destination_port_ranges": [],
                "direction": "Inbound",
                "name": "DB_Tcp_Allow",
                "priority": 100,
                "protocol": "Tcp",
                "source_address_prefix": "*",
                "source_address_prefixes": [],
                "source_application_security_group_ids": [],
                "source_port_range": "*",
                "source_port_ranges": []
              }
            ],
            "tags": null,
            "timeouts": null
          },
          "sensitive_attributes": [],
          "private": "eyJlMmJmYjczMC1lY2FhLTExZTYtOGY4OC0zNDM2M2JjN2M0YzAiOnsiY3JlYXRlIjoxODAwMDAwMDAwMDAwLCJkZWxldGUiOjE4MDAwMDAwMDAwMDAsInJlYWQiOjMwMDAwMDAwMDAwMCwidXBkYXRlIjoxODAwMDAwMDAwMDAwfX0="
        }
      ]
    },
    {
      "mode": "managed",
      "type": "azurerm_postgresql_flexible_server",
      "name": "postgresDB-FlexServer",
      "provider": "provider[\"registry.terraform.io/hashicorp/azurerm\"]",
      "instances": [
        {
          "schema_version": 0,
          "attributes": {
            "administrator_login": "sudo",
            "administrator_password": "sudo",
            "authentication": [
              {
                "active_directory_auth_enabled": false,
                "password_auth_enabled": true,
                "tenant_id": ""
              }
            ],
            "auto_grow_enabled": false,
            "backup_retention_days": 7,
            "create_mode": null,
            "customer_managed_key": [],
            "delegated_subnet_id": "",
            "fqdn": "nebularat-postgresdb-server.postgres.database.azure.com",
            "geo_redundant_backup_enabled": false,
            "high_availability": [],
            "id": "/subscriptions/fc011c7b-8150-4065-af8b-1a8487bc3f73/resourceGroups/srs2024-stu-g2/providers/Microsoft.DBforPostgreSQL/flexibleServers/nebularat-postgresdb-server",
            "identity": [],
            "location": "westeurope",
            "maintenance_window": [],
            "name": "nebularat-postgresdb-server",
            "point_in_time_restore_time_in_utc": null,
            "private_dns_zone_id": "",
            "public_network_access_enabled": true,
            "replication_role": "",
            "resource_group_name": "srs2024-stu-g2",
            "sku_name": "B_Standard_B1ms",
            "source_server_id": null,
            "storage_mb": 32768,
            "storage_tier": "P4",
            "tags": null,
            "timeouts": null,
            "version": "13",
            "zone": "1"
          },
          "sensitive_attributes": [
            [
              {
                "type": "get_attr",
                "value": "administrator_password"
              }
            ]
          ],
          "private": "eyJlMmJmYjczMC1lY2FhLTExZTYtOGY4OC0zNDM2M2JjN2M0YzAiOnsiY3JlYXRlIjozNjAwMDAwMDAwMDAwLCJkZWxldGUiOjM2MDAwMDAwMDAwMDAsInJlYWQiOjMwMDAwMDAwMDAwMCwidXBkYXRlIjozNjAwMDAwMDAwMDAwfX0="
        }
      ]
    },
    {
      "mode": "managed",
      "type": "azurerm_postgresql_flexible_server_database",
      "name": "postgresDB-server-database",
      "provider": "provider[\"registry.terraform.io/hashicorp/azurerm\"]",
      "instances": [
        {
          "schema_version": 0,
          "attributes": {
            "charset": "UTF8",
            "collation": "en_US.utf8",
            "id": "/subscriptions/fc011c7b-8150-4065-af8b-1a8487bc3f73/resourceGroups/srs2024-stu-g2/providers/Microsoft.DBforPostgreSQL/flexibleServers/nebularat-postgresdb-server/databases/nebularat-postgresServer-db",
            "name": "nebularat-postgresServer-db",
            "server_id": "/subscriptions/fc011c7b-8150-4065-af8b-1a8487bc3f73/resourceGroups/srs2024-stu-g2/providers/Microsoft.DBforPostgreSQL/flexibleServers/nebularat-postgresdb-server",
            "timeouts": null
          },
          "sensitive_attributes": [],
          "private": "eyJlMmJmYjczMC1lY2FhLTExZTYtOGY4OC0zNDM2M2JjN2M0YzAiOnsiY3JlYXRlIjoxODAwMDAwMDAwMDAwLCJkZWxldGUiOjE4MDAwMDAwMDAwMDAsInJlYWQiOjMwMDAwMDAwMDAwMH19",
          "dependencies": [
            "azurerm_postgresql_flexible_server.postgresDB-FlexServer"
          ]
        }
      ]
    },
    {
      "mode": "managed",
      "type": "azurerm_postgresql_flexible_server_firewall_rule",
      "name": "postgresDB-FlexServer-firewall-rules",
      "provider": "provider[\"registry.terraform.io/hashicorp/azurerm\"]",
      "instances": [
        {
          "schema_version": 0,
          "attributes": {
            "end_ip_address": "255.255.255.255",
            "id": "/subscriptions/fc011c7b-8150-4065-af8b-1a8487bc3f73/resourceGroups/srs2024-stu-g2/providers/Microsoft.DBforPostgreSQL/flexibleServers/nebularat-postgresdb-server/firewallRules/postgresDB-FlexServer-fw",
            "name": "postgresDB-FlexServer-fw",
            "server_id": "/subscriptions/fc011c7b-8150-4065-af8b-1a8487bc3f73/resourceGroups/srs2024-stu-g2/providers/Microsoft.DBforPostgreSQL/flexibleServers/nebularat-postgresdb-server",
            "start_ip_address": "0.0.0.0",
            "timeouts": null
          },
          "sensitive_attributes": [],
          "private": "eyJlMmJmYjczMC1lY2FhLTExZTYtOGY4OC0zNDM2M2JjN2M0YzAiOnsiY3JlYXRlIjoxODAwMDAwMDAwMDAwLCJkZWxldGUiOjE4MDAwMDAwMDAwMDAsInJlYWQiOjMwMDAwMDAwMDAwMCwidXBkYXRlIjoxODAwMDAwMDAwMDAwfX0=",
          "dependencies": [
            "azurerm_postgresql_flexible_server.postgresDB-FlexServer"
          ]
        }
      ]
    },
    {
      "mode": "managed",
      "type": "azurerm_private_dns_zone",
      "name": "postgresDB-pdns",
      "provider": "provider[\"registry.terraform.io/hashicorp/azurerm\"]",
      "instances": [
        {
          "schema_version": 0,
          "attributes": {
            "id": "/subscriptions/fc011c7b-8150-4065-af8b-1a8487bc3f73/resourceGroups/srs2024-stu-g2/providers/Microsoft.Network/privateDnsZones/postgresDB.postgres.database.azure.com",
            "max_number_of_record_sets": 25000,
            "max_number_of_virtual_network_links": 1000,
            "max_number_of_virtual_network_links_with_registration": 100,
            "name": "postgresDB.postgres.database.azure.com",
            "number_of_record_sets": 1,
            "resource_group_name": "srs2024-stu-g2",
            "soa_record": [
              {
                "email": "azureprivatedns-host.microsoft.com",
                "expire_time": 2419200,
                "fqdn": "postgresdb.postgres.database.azure.com.",
                "host_name": "azureprivatedns.net",
                "minimum_ttl": 10,
                "refresh_time": 3600,
                "retry_time": 300,
                "serial_number": 1,
                "tags": {},
                "ttl": 3600
              }
            ],
            "tags": null,
            "timeouts": null
          },
          "sensitive_attributes": [],
          "private": "eyJlMmJmYjczMC1lY2FhLTExZTYtOGY4OC0zNDM2M2JjN2M0YzAiOnsiY3JlYXRlIjoxODAwMDAwMDAwMDAwLCJkZWxldGUiOjE4MDAwMDAwMDAwMDAsInJlYWQiOjMwMDAwMDAwMDAwMCwidXBkYXRlIjoxODAwMDAwMDAwMDAwfX0=",
          "dependencies": [
            "azurerm_network_security_group.postgresDB-sg",
            "azurerm_subnet.postgresDB-subnet",
            "azurerm_subnet_network_security_group_association.postgresDB-sga",
            "azurerm_virtual_network.vnet"
          ]
        }
      ]
    },
    {
      "mode": "managed",
      "type": "azurerm_private_dns_zone_virtual_network_link",
      "name": "postgresDB-pdns-pdzvnetlink",
      "provider": "provider[\"registry.terraform.io/hashicorp/azurerm\"]",
      "instances": [
        {
          "schema_version": 0,
          "attributes": {
            "id": "/subscriptions/fc011c7b-8150-4065-af8b-1a8487bc3f73/resourceGroups/srs2024-stu-g2/providers/Microsoft.Network/privateDnsZones/postgresDB.postgres.database.azure.com/virtualNetworkLinks/postgresDB-pdzvnetlink.com",
            "name": "postgresDB-pdzvnetlink.com",
            "private_dns_zone_name": "postgresDB.postgres.database.azure.com",
            "registration_enabled": false,
            "resource_group_name": "srs2024-stu-g2",
            "tags": null,
            "timeouts": null,
            "virtual_network_id": "/subscriptions/fc011c7b-8150-4065-af8b-1a8487bc3f73/resourceGroups/srs2024-stu-g2/providers/Microsoft.Network/virtualNetworks/nebulaVnet"
          },
          "sensitive_attributes": [],
          "private": "eyJlMmJmYjczMC1lY2FhLTExZTYtOGY4OC0zNDM2M2JjN2M0YzAiOnsiY3JlYXRlIjoxODAwMDAwMDAwMDAwLCJkZWxldGUiOjE4MDAwMDAwMDAwMDAsInJlYWQiOjMwMDAwMDAwMDAwMCwidXBkYXRlIjoxODAwMDAwMDAwMDAwfX0=",
          "dependencies": [
            "azurerm_network_security_group.postgresDB-sg",
            "azurerm_private_dns_zone.postgresDB-pdns",
            "azurerm_subnet.postgresDB-subnet",
            "azurerm_subnet_network_security_group_association.postgresDB-sga",
            "azurerm_virtual_network.vnet"
          ]
        }
      ]
    },
    {
      "mode": "managed",
      "type": "azurerm_subnet",
      "name": "postgresDB-subnet",
      "provider": "provider[\"registry.terraform.io/hashicorp/azurerm\"]",
      "instances": [
        {
          "schema_version": 0,
          "attributes": {
            "address_prefixes": [
              "10.0.1.0/24"
            ],
            "delegation": [
              {
                "name": "fs",
                "service_delegation": [
                  {
                    "actions": [
                      "Microsoft.Network/virtualNetworks/subnets/join/action"
                    ],
                    "name": "Microsoft.DBforPostgreSQL/flexibleServers"
                  }
                ]
              }
            ],
            "enforce_private_link_endpoint_network_policies": false,
            "enforce_private_link_service_network_policies": false,
            "id": "/subscriptions/fc011c7b-8150-4065-af8b-1a8487bc3f73/resourceGroups/srs2024-stu-g2/providers/Microsoft.Network/virtualNetworks/nebulaVnet/subnets/postgresDB-subnet",
            "name": "postgresDB-subnet",
            "private_endpoint_network_policies": "Enabled",
            "private_endpoint_network_policies_enabled": true,
            "private_link_service_network_policies_enabled": true,
            "resource_group_name": "srs2024-stu-g2",
            "service_endpoint_policy_ids": null,
            "service_endpoints": [
              "Microsoft.Storage"
            ],
            "timeouts": null,
            "virtual_network_name": "nebulaVnet"
          },
          "sensitive_attributes": [],
          "private": "eyJlMmJmYjczMC1lY2FhLTExZTYtOGY4OC0zNDM2M2JjN2M0YzAiOnsiY3JlYXRlIjoxODAwMDAwMDAwMDAwLCJkZWxldGUiOjE4MDAwMDAwMDAwMDAsInJlYWQiOjMwMDAwMDAwMDAwMCwidXBkYXRlIjoxODAwMDAwMDAwMDAwfX0=",
          "dependencies": [
            "azurerm_virtual_network.vnet"
          ]
        }
      ]
    },
    {
      "mode": "managed",
      "type": "azurerm_subnet_network_security_group_association",
      "name": "postgresDB-sga",
      "provider": "provider[\"registry.terraform.io/hashicorp/azurerm\"]",
      "instances": [
        {
          "schema_version": 0,
          "attributes": {
            "id": "/subscriptions/fc011c7b-8150-4065-af8b-1a8487bc3f73/resourceGroups/srs2024-stu-g2/providers/Microsoft.Network/virtualNetworks/nebulaVnet/subnets/postgresDB-subnet",
            "network_security_group_id": "/subscriptions/fc011c7b-8150-4065-af8b-1a8487bc3f73/resourceGroups/srs2024-stu-g2/providers/Microsoft.Network/networkSecurityGroups/postgresDB-nsg",
            "subnet_id": "/subscriptions/fc011c7b-8150-4065-af8b-1a8487bc3f73/resourceGroups/srs2024-stu-g2/providers/Microsoft.Network/virtualNetworks/nebulaVnet/subnets/postgresDB-subnet",
            "timeouts": null
          },
          "sensitive_attributes": [],
          "private": "eyJlMmJmYjczMC1lY2FhLTExZTYtOGY4OC0zNDM2M2JjN2M0YzAiOnsiY3JlYXRlIjoxODAwMDAwMDAwMDAwLCJkZWxldGUiOjE4MDAwMDAwMDAwMDAsInJlYWQiOjMwMDAwMDAwMDAwMH19",
          "dependencies": [
            "azurerm_network_security_group.postgresDB-sg",
            "azurerm_subnet.postgresDB-subnet",
            "azurerm_virtual_network.vnet"
          ]
        }
      ]
    },
    {
      "mode": "managed",
      "type": "azurerm_virtual_network",
      "name": "vnet",
      "provider": "provider[\"registry.terraform.io/hashicorp/azurerm\"]",
      "instances": [
        {
          "schema_version": 0,
          "attributes": {
            "address_space": [
              "10.0.0.0/16"
            ],
            "bgp_community": "",
            "ddos_protection_plan": [],
            "dns_servers": [],
            "edge_zone": "",
            "encryption": [],
            "flow_timeout_in_minutes": 0,
            "guid": "437f88c1-2323-4cff-8b07-ae4d440f18bc",
            "id": "/subscriptions/fc011c7b-8150-4065-af8b-1a8487bc3f73/resourceGroups/srs2024-stu-g2/providers/Microsoft.Network/virtualNetworks/nebulaVnet",
            "location": "westeurope",
            "name": "nebulaVnet",
            "resource_group_name": "srs2024-stu-g2",
            "subnet": [],
            "tags": null,
            "timeouts": null
          },
          "sensitive_attributes": [],
          "private": "eyJlMmJmYjczMC1lY2FhLTExZTYtOGY4OC0zNDM2M2JjN2M0YzAiOnsiY3JlYXRlIjoxODAwMDAwMDAwMDAwLCJkZWxldGUiOjE4MDAwMDAwMDAwMDAsInJlYWQiOjMwMDAwMDAwMDAwMCwidXBkYXRlIjoxODAwMDAwMDAwMDAwfX0="
        }
      ]
    }
  ],
  "check_results": null
}
